
Microsoft Visual Studio Solution File, Format Version 12.00
# Visual Studio Version 17
VisualStudioVersion = 17.0.31903.59
MinimumVisualStudioVersion = 10.0.40219.1
Project("{FAE04EC0-301F-11D3-BF4B-00C04F79EFBC}") = "SiteWorksFrontend", "SiteWorksFrontend\SiteWorksFrontend.csproj", "{F44792BD-77EA-4896-BA71-1DDC9FF7FED6}"
EndProject
Project("{2150E333-8FDC-42A3-9474-1A3956D46DE8}") = "Libraries", "Libraries", "{8C6E18CE-D9B0-4B10-B881-01B75A9E968A}"
EndProject
Project("{2150E333-8FDC-42A3-9474-1A3956D46DE8}") = "UnitTests", "UnitTests", "{E1AD3CD9-919F-4AC9-B30A-76A393FB3A72}"
EndProject
Project("{FAE04EC0-301F-11D3-BF4B-00C04F79EFBC}") = "ServiceLayer", "ServiceLayer\ServiceLayer.csproj", "{597DE856-0349-4582-9E19-3DD02FA05E17}"
EndProject
Project("{FAE04EC0-301F-11D3-BF4B-00C04F79EFBC}") = "Dao", "Dao\Dao.csproj", "{5E028C45-CEE0-4A88-B9AB-B6BA4D788A65}"
EndProject
Project("{FAE04EC0-301F-11D3-BF4B-00C04F79EFBC}") = "UnitTests.ServiceLayer", "UnitTests.ServiceLayer\UnitTests.ServiceLayer.csproj", "{C389CB13-AFB8-416A-9C51-2A9C40BE5AE3}"
EndProject
Project("{FAE04EC0-301F-11D3-BF4B-00C04F79EFBC}") = "UnitTests.Dao", "UnitTests.Dao\UnitTests.Dao.csproj", "{1AA30B17-C8D7-47FF-877C-0AFD0F35731B}"
EndProject
Project("{FAE04EC0-301F-11D3-BF4B-00C04F79EFBC}") = "Utilities", "Utilities\Utilities.csproj", "{15A3DDE1-937F-4F48-ABD9-C4FC51FA0931}"
EndProject
Project("{FAE04EC0-301F-11D3-BF4B-00C04F79EFBC}") = "Dtos", "Dtos\Dtos.csproj", "{CC27ECEA-3443-4E27-B525-5987DF4DEFAA}"
EndProject
Project("{FAE04EC0-301F-11D3-BF4B-00C04F79EFBC}") = "Dependencies", "Dependencies\Dependencies.csproj", "{20AC0325-A9BE-43D2-A742-2C1FC9FA947D}"
EndProject
Global
	GlobalSection(SolutionConfigurationPlatforms) = preSolution
		Debug|Any CPU = Debug|Any CPU
		Release|Any CPU = Release|Any CPU
	EndGlobalSection
	GlobalSection(SolutionProperties) = preSolution
		HideSolutionNode = FALSE
	EndGlobalSection
	GlobalSection(ProjectConfigurationPlatforms) = postSolution
		{F44792BD-77EA-4896-BA71-1DDC9FF7FED6}.Debug|Any CPU.ActiveCfg = Debug|Any CPU
		{F44792BD-77EA-4896-BA71-1DDC9FF7FED6}.Debug|Any CPU.Build.0 = Debug|Any CPU
		{F44792BD-77EA-4896-BA71-1DDC9FF7FED6}.Release|Any CPU.ActiveCfg = Release|Any CPU
		{F44792BD-77EA-4896-BA71-1DDC9FF7FED6}.Release|Any CPU.Build.0 = Release|Any CPU
		{597DE856-0349-4582-9E19-3DD02FA05E17}.Debug|Any CPU.ActiveCfg = Debug|Any CPU
		{597DE856-0349-4582-9E19-3DD02FA05E17}.Debug|Any CPU.Build.0 = Debug|Any CPU
		{597DE856-0349-4582-9E19-3DD02FA05E17}.Release|Any CPU.ActiveCfg = Release|Any CPU
		{597DE856-0349-4582-9E19-3DD02FA05E17}.Release|Any CPU.Build.0 = Release|Any CPU
		{5E028C45-CEE0-4A88-B9AB-B6BA4D788A65}.Debug|Any CPU.ActiveCfg = Debug|Any CPU
		{5E028C45-CEE0-4A88-B9AB-B6BA4D788A65}.Debug|Any CPU.Build.0 = Debug|Any CPU
		{5E028C45-CEE0-4A88-B9AB-B6BA4D788A65}.Release|Any CPU.ActiveCfg = Release|Any CPU
		{5E028C45-CEE0-4A88-B9AB-B6BA4D788A65}.Release|Any CPU.Build.0 = Release|Any CPU
		{C389CB13-AFB8-416A-9C51-2A9C40BE5AE3}.Debug|Any CPU.ActiveCfg = Debug|Any CPU
		{C389CB13-AFB8-416A-9C51-2A9C40BE5AE3}.Debug|Any CPU.Build.0 = Debug|Any CPU
		{C389CB13-AFB8-416A-9C51-2A9C40BE5AE3}.Release|Any CPU.ActiveCfg = Release|Any CPU
		{C389CB13-AFB8-416A-9C51-2A9C40BE5AE3}.Release|Any CPU.Build.0 = Release|Any CPU
		{1AA30B17-C8D7-47FF-877C-0AFD0F35731B}.Debug|Any CPU.ActiveCfg = Debug|Any CPU
		{1AA30B17-C8D7-47FF-877C-0AFD0F35731B}.Debug|Any CPU.Build.0 = Debug|Any CPU
		{1AA30B17-C8D7-47FF-877C-0AFD0F35731B}.Release|Any CPU.ActiveCfg = Release|Any CPU
		{1AA30B17-C8D7-47FF-877C-0AFD0F35731B}.Release|Any CPU.Build.0 = Release|Any CPU
		{15A3DDE1-937F-4F48-ABD9-C4FC51FA0931}.Debug|Any CPU.ActiveCfg = Debug|Any CPU
		{15A3DDE1-937F-4F48-ABD9-C4FC51FA0931}.Debug|Any CPU.Build.0 = Debug|Any CPU
		{15A3DDE1-937F-4F48-ABD9-C4FC51FA0931}.Release|Any CPU.ActiveCfg = Release|Any CPU
		{15A3DDE1-937F-4F48-ABD9-C4FC51FA0931}.Release|Any CPU.Build.0 = Release|Any CPU
		{CC27ECEA-3443-4E27-B525-5987DF4DEFAA}.Debug|Any CPU.ActiveCfg = Debug|Any CPU
		{CC27ECEA-3443-4E27-B525-5987DF4DEFAA}.Debug|Any CPU.Build.0 = Debug|Any CPU
		{CC27ECEA-3443-4E27-B525-5987DF4DEFAA}.Release|Any CPU.ActiveCfg = Release|Any CPU
		{CC27ECEA-3443-4E27-B525-5987DF4DEFAA}.Release|Any CPU.Build.0 = Release|Any CPU
		{20AC0325-A9BE-43D2-A742-2C1FC9FA947D}.Debug|Any CPU.ActiveCfg = Debug|Any CPU
		{20AC0325-A9BE-43D2-A742-2C1FC9FA947D}.Debug|Any CPU.Build.0 = Debug|Any CPU
		{20AC0325-A9BE-43D2-A742-2C1FC9FA947D}.Release|Any CPU.ActiveCfg = Release|Any CPU
		{20AC0325-A9BE-43D2-A742-2C1FC9FA947D}.Release|Any CPU.Build.0 = Release|Any CPU
	EndGlobalSection
	GlobalSection(NestedProjects) = preSolution
		{597DE856-0349-4582-9E19-3DD02FA05E17} = {8C6E18CE-D9B0-4B10-B881-01B75A9E968A}
		{5E028C45-CEE0-4A88-B9AB-B6BA4D788A65} = {8C6E18CE-D9B0-4B10-B881-01B75A9E968A}
		{C389CB13-AFB8-416A-9C51-2A9C40BE5AE3} = {E1AD3CD9-919F-4AC9-B30A-76A393FB3A72}
		{1AA30B17-C8D7-47FF-877C-0AFD0F35731B} = {E1AD3CD9-919F-4AC9-B30A-76A393FB3A72}
		{15A3DDE1-937F-4F48-ABD9-C4FC51FA0931} = {8C6E18CE-D9B0-4B10-B881-01B75A9E968A}
		{CC27ECEA-3443-4E27-B525-5987DF4DEFAA} = {8C6E18CE-D9B0-4B10-B881-01B75A9E968A}
		{20AC0325-A9BE-43D2-A742-2C1FC9FA947D} = {8C6E18CE-D9B0-4B10-B881-01B75A9E968A}
	EndGlobalSection
EndGlobal
